
Microsoft Visual Studio Solution File, Format Version 12.00
# Visual Studio Version 17
VisualStudioVersion = 17.8.34408.163
MinimumVisualStudioVersion = 10.0.40219.1
Project("{2150E333-8FDC-42A3-9474-1A3956D46DE8}") = "src", "src", "{997E807E-6E95-4A69-B5D8-FED158A8C7D3}"
EndProject
Project("{2150E333-8FDC-42A3-9474-1A3956D46DE8}") = "tests", "tests", "{A83C8617-C8D5-4665-AF22-2699F42FA486}"
EndProject
Project("{9A19103F-16F7-4668-BE54-9A1E7A4F7556}") = "Api", "Api\Api.csproj", "{3CDA7C50-7FCA-4D1B-86F1-C11C4E331ECC}"
EndProject
Project("{9A19103F-16F7-4668-BE54-9A1E7A4F7556}") = "Infrastructure", "Infrastructure\Infrastructure.csproj", "{D4B04ADF-2152-4166-8C11-CCE25A14F239}"
EndProject
Project("{9A19103F-16F7-4668-BE54-9A1E7A4F7556}") = "UnitTests", "UnitTests\UnitTests.csproj", "{3C05ECEF-62DE-4BC0-984D-6233FE3239E9}"
EndProject
Project("{9A19103F-16F7-4668-BE54-9A1E7A4F7556}") = "Application", "Application\Application.csproj", "{0B2D6386-CB30-4300-81F5-6ED74D6506D3}"
EndProject
Project("{9A19103F-16F7-4668-BE54-9A1E7A4F7556}") = "Domain", "Domain\Domain.csproj", "{5FA43657-7128-4734-A22A-71FDBBD18E43}"
EndProject
Project("{E53339B2-1760-4266-BCC7-CA923CBCF16C}") = "docker-compose", "docker-compose.dcproj", "{8867DBE3-17D4-4177-B931-AF4AD3DA9005}"
EndProject
Project("{2150E333-8FDC-42A3-9474-1A3956D46DE8}") = "Files", "Files", "{90A1CA26-3017-4E30-9AEB-42E930B30889}"
	ProjectSection(SolutionItems) = preProject
		README.md = README.md
	EndProjectSection
EndProject
Global
	GlobalSection(SolutionConfigurationPlatforms) = preSolution
		Debug|Any CPU = Debug|Any CPU
		Release|Any CPU = Release|Any CPU
	EndGlobalSection
	GlobalSection(ProjectConfigurationPlatforms) = postSolution
		{3CDA7C50-7FCA-4D1B-86F1-C11C4E331ECC}.Debug|Any CPU.ActiveCfg = Debug|Any CPU
		{3CDA7C50-7FCA-4D1B-86F1-C11C4E331ECC}.Debug|Any CPU.Build.0 = Debug|Any CPU
		{3CDA7C50-7FCA-4D1B-86F1-C11C4E331ECC}.Release|Any CPU.ActiveCfg = Release|Any CPU
		{3CDA7C50-7FCA-4D1B-86F1-C11C4E331ECC}.Release|Any CPU.Build.0 = Release|Any CPU
		{D4B04ADF-2152-4166-8C11-CCE25A14F239}.Debug|Any CPU.ActiveCfg = Debug|Any CPU
		{D4B04ADF-2152-4166-8C11-CCE25A14F239}.Debug|Any CPU.Build.0 = Debug|Any CPU
		{D4B04ADF-2152-4166-8C11-CCE25A14F239}.Release|Any CPU.ActiveCfg = Release|Any CPU
		{D4B04ADF-2152-4166-8C11-CCE25A14F239}.Release|Any CPU.Build.0 = Release|Any CPU
		{3C05ECEF-62DE-4BC0-984D-6233FE3239E9}.Debug|Any CPU.ActiveCfg = Debug|Any CPU
		{3C05ECEF-62DE-4BC0-984D-6233FE3239E9}.Debug|Any CPU.Build.0 = Debug|Any CPU
		{3C05ECEF-62DE-4BC0-984D-6233FE3239E9}.Release|Any CPU.ActiveCfg = Release|Any CPU
		{3C05ECEF-62DE-4BC0-984D-6233FE3239E9}.Release|Any CPU.Build.0 = Release|Any CPU
		{0B2D6386-CB30-4300-81F5-6ED74D6506D3}.Debug|Any CPU.ActiveCfg = Debug|Any CPU
		{0B2D6386-CB30-4300-81F5-6ED74D6506D3}.Debug|Any CPU.Build.0 = Debug|Any CPU
		{0B2D6386-CB30-4300-81F5-6ED74D6506D3}.Release|Any CPU.ActiveCfg = Release|Any CPU
		{0B2D6386-CB30-4300-81F5-6ED74D6506D3}.Release|Any CPU.Build.0 = Release|Any CPU
		{5FA43657-7128-4734-A22A-71FDBBD18E43}.Debug|Any CPU.ActiveCfg = Debug|Any CPU
		{5FA43657-7128-4734-A22A-71FDBBD18E43}.Debug|Any CPU.Build.0 = Debug|Any CPU
		{5FA43657-7128-4734-A22A-71FDBBD18E43}.Release|Any CPU.ActiveCfg = Release|Any CPU
		{5FA43657-7128-4734-A22A-71FDBBD18E43}.Release|Any CPU.Build.0 = Release|Any CPU
		{8867DBE3-17D4-4177-B931-AF4AD3DA9005}.Debug|Any CPU.ActiveCfg = Debug|Any CPU
		{8867DBE3-17D4-4177-B931-AF4AD3DA9005}.Debug|Any CPU.Build.0 = Debug|Any CPU
		{8867DBE3-17D4-4177-B931-AF4AD3DA9005}.Release|Any CPU.ActiveCfg = Release|Any CPU
		{8867DBE3-17D4-4177-B931-AF4AD3DA9005}.Release|Any CPU.Build.0 = Release|Any CPU
	EndGlobalSection
	GlobalSection(SolutionProperties) = preSolution
		HideSolutionNode = FALSE
	EndGlobalSection
	GlobalSection(NestedProjects) = preSolution
		{3CDA7C50-7FCA-4D1B-86F1-C11C4E331ECC} = {997E807E-6E95-4A69-B5D8-FED158A8C7D3}
		{D4B04ADF-2152-4166-8C11-CCE25A14F239} = {997E807E-6E95-4A69-B5D8-FED158A8C7D3}
		{3C05ECEF-62DE-4BC0-984D-6233FE3239E9} = {A83C8617-C8D5-4665-AF22-2699F42FA486}
		{0B2D6386-CB30-4300-81F5-6ED74D6506D3} = {997E807E-6E95-4A69-B5D8-FED158A8C7D3}
		{5FA43657-7128-4734-A22A-71FDBBD18E43} = {997E807E-6E95-4A69-B5D8-FED158A8C7D3}
	EndGlobalSection
	GlobalSection(ExtensibilityGlobals) = postSolution
		SolutionGuid = {E53869B1-8233-4274-A1BD-5631FC6B5DB6}
	EndGlobalSection
EndGlobal
